
Microsoft Visual Studio Solution File, Format Version 12.00
# Visual Studio Version 16
VisualStudioVersion = 16.0.31424.327
MinimumVisualStudioVersion = 10.0.40219.1
Project("{2150E333-8FDC-42A3-9474-1A3956D46DE8}") = "Services", "Services", "{73BBB65C-E3AD-4F41-BCB1-6C4F5B6416EE}"
EndProject
Project("{2150E333-8FDC-42A3-9474-1A3956D46DE8}") = "Catalog", "Catalog", "{75059B33-F099-49A7-AE10-D6080BA88A35}"
EndProject
Project("{FAE04EC0-301F-11D3-BF4B-00C04F79EFBC}") = "Catalog.API", "Services\Catalog\Catalog.API\Catalog.API.csproj", "{AD75AB5F-CF1A-4B38-A362-1000C6CC57B9}"
EndProject
Global
	GlobalSection(SolutionConfigurationPlatforms) = preSolution
		Debug|Any CPU = Debug|Any CPU
		Release|Any CPU = Release|Any CPU
	EndGlobalSection
	GlobalSection(ProjectConfigurationPlatforms) = postSolution
		{AD75AB5F-CF1A-4B38-A362-1000C6CC57B9}.Debug|Any CPU.ActiveCfg = Debug|Any CPU
		{AD75AB5F-CF1A-4B38-A362-1000C6CC57B9}.Debug|Any CPU.Build.0 = Debug|Any CPU
		{AD75AB5F-CF1A-4B38-A362-1000C6CC57B9}.Release|Any CPU.ActiveCfg = Release|Any CPU
		{AD75AB5F-CF1A-4B38-A362-1000C6CC57B9}.Release|Any CPU.Build.0 = Release|Any CPU
	EndGlobalSection
	GlobalSection(SolutionProperties) = preSolution
		HideSolutionNode = FALSE
	EndGlobalSection
	GlobalSection(NestedProjects) = preSolution
		{75059B33-F099-49A7-AE10-D6080BA88A35} = {73BBB65C-E3AD-4F41-BCB1-6C4F5B6416EE}
		{AD75AB5F-CF1A-4B38-A362-1000C6CC57B9} = {75059B33-F099-49A7-AE10-D6080BA88A35}
	EndGlobalSection
	GlobalSection(ExtensibilityGlobals) = postSolution
		SolutionGuid = {0378C8B6-918B-4A7F-B802-24D2655114BF}
	EndGlobalSection
EndGlobal
